Microsoft Visual Studio Solution File, Format Version 11.00
# Visual Studio 2008

Project("{8FE516C6-18D2-CCA1-A577-C8F11696EF37}") = "Cube-World", "Assembly-CSharp-firstpass.csproj", "{FEBCD065-CA2A-4B5E-192C-AB8AF5BD013B}"
EndProject
Project("{8FE516C6-18D2-CCA1-A577-C8F11696EF37}") = "Cube-World", "Assembly-CSharp.csproj", "{4CDF8418-D33B-FC13-750C-633AC943C5E9}"
EndProject
Project("{8FE516C6-18D2-CCA1-A577-C8F11696EF37}") = "Cube-World", "Assembly-CSharp-Editor-firstpass.csproj", "{9E25DAE5-1388-BC74-7F89-2A450A562092}"
EndProject
Global
	GlobalSection(SolutionConfigurationPlatforms) = preSolution
		Debug|Any CPU = Debug|Any CPU
		Release|Any CPU = Release|Any CPU
	EndGlobalSection
	GlobalSection(ProjectConfigurationPlatforms) = postSolution
		{FEBCD065-CA2A-4B5E-192C-AB8AF5BD013B}.Debug|Any CPU.ActiveCfg = Debug|Any CPU
		{FEBCD065-CA2A-4B5E-192C-AB8AF5BD013B}.Debug|Any CPU.Build.0 = Debug|Any CPU
		{FEBCD065-CA2A-4B5E-192C-AB8AF5BD013B}.Release|Any CPU.ActiveCfg = Release|Any CPU
		{FEBCD065-CA2A-4B5E-192C-AB8AF5BD013B}.Release|Any CPU.Build.0 = Release|Any CPU
		{4CDF8418-D33B-FC13-750C-633AC943C5E9}.Debug|Any CPU.ActiveCfg = Debug|Any CPU
		{4CDF8418-D33B-FC13-750C-633AC943C5E9}.Debug|Any CPU.Build.0 = Debug|Any CPU
		{4CDF8418-D33B-FC13-750C-633AC943C5E9}.Release|Any CPU.ActiveCfg = Release|Any CPU
		{4CDF8418-D33B-FC13-750C-633AC943C5E9}.Release|Any CPU.Build.0 = Release|Any CPU
		{9E25DAE5-1388-BC74-7F89-2A450A562092}.Debug|Any CPU.ActiveCfg = Debug|Any CPU
		{9E25DAE5-1388-BC74-7F89-2A450A562092}.Debug|Any CPU.Build.0 = Debug|Any CPU
		{9E25DAE5-1388-BC74-7F89-2A450A562092}.Release|Any CPU.ActiveCfg = Release|Any CPU
		{9E25DAE5-1388-BC74-7F89-2A450A562092}.Release|Any CPU.Build.0 = Release|Any CPU
	EndGlobalSection
	GlobalSection(SolutionProperties) = preSolution
		HideSolutionNode = FALSE
	EndGlobalSection
	GlobalSection(MonoDevelopProperties) = preSolution
		StartupItem = Assembly-CSharp.csproj
	EndGlobalSection
EndGlobal
